<?xml version="1.0" encoding="UTF-8"?>
<!DOCTYPE plist PUBLIC "-//Apple//DTD PLIST 1.0//EN" "http://www.apple.com/DTDs/PropertyList-1.0.dtd">
<plist version="1.0">
<dict>
	<key>archiveVersion</key>
	<string>1</string>
	<key>classes</key>
	<dict/>
	<key>objectVersion</key>
	<string>46</string>
	<key>objects</key>
	<dict>
		<key>0C60948C6E20842294CF8C09</key>
		<dict>
			<key>buildActionMask</key>
			<string>2147483647</string>
			<key>files</key>
			<array/>
			<key>inputPaths</key>
			<array/>
			<key>isa</key>
			<string>PBXShellScriptBuildPhase</string>
			<key>name</key>
			<string>&#128230; Copy Pods Resources</string>
			<key>outputPaths</key>
			<array/>
			<key>runOnlyForDeploymentPostprocessing</key>
			<string>0</string>
			<key>shellPath</key>
			<string>/bin/sh</string>
			<key>shellScript</key>
			<string>"${SRCROOT}/Pods/Target Support Files/Pods-MealsOnWheels/Pods-MealsOnWheels-resources.sh"
</string>
			<key>showEnvVarsInLog</key>
			<string>0</string>
		</dict>
		<key>1A287AE1A2C11469DB0A981B</key>
		<dict>
			<key>buildActionMask</key>
			<string>2147483647</string>
			<key>files</key>
			<array/>
			<key>inputPaths</key>
			<array/>
			<key>isa</key>
			<string>PBXShellScriptBuildPhase</string>
			<key>name</key>
			<string>&#128230; Check Pods Manifest.lock</string>
			<key>outputPaths</key>
			<array/>
			<key>runOnlyForDeploymentPostprocessing</key>
			<string>0</string>
			<key>shellPath</key>
			<string>/bin/sh</string>
			<key>shellScript</key>
			<string>diff "${PODS_ROOT}/../Podfile.lock" "${PODS_ROOT}/Manifest.lock" &gt; /dev/null
if [[ $? != 0 ]] ; then
    cat &lt;&lt; EOM
error: The sandbox is not in sync with the Podfile.lock. Run 'pod install' or update your CocoaPods installation.
EOM
    exit 1
fi
</string>
			<key>showEnvVarsInLog</key>
			<string>0</string>
		</dict>
		<key>35D540CC57AA2652510807D2</key>
		<dict>
			<key>buildActionMask</key>
			<string>2147483647</string>
			<key>files</key>
			<array/>
			<key>inputPaths</key>
			<array/>
			<key>isa</key>
			<string>PBXShellScriptBuildPhase</string>
			<key>name</key>
			<string>[CP] Copy Pods Resources</string>
			<key>outputPaths</key>
			<array/>
			<key>runOnlyForDeploymentPostprocessing</key>
			<string>0</string>
			<key>shellPath</key>
			<string>/bin/sh</string>
			<key>shellScript</key>
			<string>"${SRCROOT}/Pods/Target Support Files/Pods-MealsOnWheels/Pods-MealsOnWheels-resources.sh"
</string>
			<key>showEnvVarsInLog</key>
			<string>0</string>
		</dict>
		<key>4C3939845382F5B064C094F8</key>
		<dict>
			<key>children</key>
			<array>
				<string>5C9119DF85FF584DF6CA7E69</string>
			</array>
			<key>isa</key>
			<string>PBXGroup</string>
			<key>name</key>
			<string>Frameworks</string>
			<key>sourceTree</key>
			<string>&lt;group&gt;</string>
		</dict>
		<key>4CB277051E6835B17DF49B2B</key>
		<dict>
			<key>buildActionMask</key>
			<string>2147483647</string>
			<key>files</key>
			<array/>
			<key>inputPaths</key>
			<array/>
			<key>isa</key>
			<string>PBXShellScriptBuildPhase</string>
			<key>name</key>
			<string>&#128230; Embed Pods Frameworks</string>
			<key>outputPaths</key>
			<array/>
			<key>runOnlyForDeploymentPostprocessing</key>
			<string>0</string>
			<key>shellPath</key>
			<string>/bin/sh</string>
			<key>shellScript</key>
			<string>"${SRCROOT}/Pods/Target Support Files/Pods-MealsOnWheels/Pods-MealsOnWheels-frameworks.sh"
</string>
			<key>showEnvVarsInLog</key>
			<string>0</string>
		</dict>
		<key>4DC65213847D4718E78A6825</key>
		<dict>
			<key>includeInIndex</key>
			<string>1</string>
			<key>isa</key>
			<string>PBXFileReference</string>
			<key>lastKnownFileType</key>
			<string>text.xcconfig</string>
			<key>name</key>
			<string>Pods-MealsOnWheels.debug.xcconfig</string>
			<key>path</key>
			<string>Pods/Target Support Files/Pods-MealsOnWheels/Pods-MealsOnWheels.debug.xcconfig</string>
			<key>sourceTree</key>
			<string>&lt;group&gt;</string>
		</dict>
		<key>5C9119DF85FF584DF6CA7E69</key>
		<dict>
			<key>explicitFileType</key>
			<string>wrapper.framework</string>
			<key>includeInIndex</key>
			<string>0</string>
			<key>isa</key>
			<string>PBXFileReference</string>
			<key>path</key>
			<string>Pods_MealsOnWheels.framework</string>
			<key>sourceTree</key>
			<string>BUILT_PRODUCTS_DIR</string>
		</dict>
		<key>866073B5E2F43FCCDBC04CE4</key>
		<dict>
			<key>buildActionMask</key>
			<string>2147483647</string>
			<key>files</key>
			<array/>
			<key>inputPaths</key>
			<array/>
			<key>isa</key>
			<string>PBXShellScriptBuildPhase</string>
			<key>name</key>
			<string>[CP] Embed Pods Frameworks</string>
			<key>outputPaths</key>
			<array/>
			<key>runOnlyForDeploymentPostprocessing</key>
			<string>0</string>
			<key>shellPath</key>
			<string>/bin/sh</string>
			<key>shellScript</key>
			<string>"${SRCROOT}/Pods/Target Support Files/Pods-MealsOnWheels/Pods-MealsOnWheels-frameworks.sh"
</string>
			<key>showEnvVarsInLog</key>
			<string>0</string>
		</dict>
		<key>8702109A1DA6B3B2008C16D2</key>
		<dict>
			<key>fileEncoding</key>
			<string>4</string>
			<key>isa</key>
			<string>PBXFileReference</string>
			<key>lastKnownFileType</key>
			<string>sourcecode.swift</string>
			<key>path</key>
			<string>Route.swift</string>
			<key>sourceTree</key>
			<string>&lt;group&gt;</string>
		</dict>
		<key>8702109B1DA6B3B2008C16D2</key>
		<dict>
			<key>fileRef</key>
			<string>8702109A1DA6B3B2008C16D2</string>
			<key>isa</key>
			<string>PBXBuildFile</string>
		</dict>
		<key>8702109C1DA6B507008C16D2</key>
		<dict>
			<key>fileEncoding</key>
			<string>4</string>
			<key>isa</key>
			<string>PBXFileReference</string>
			<key>lastKnownFileType</key>
			<string>sourcecode.swift</string>
			<key>path</key>
			<string>Model.swift</string>
			<key>sourceTree</key>
			<string>&lt;group&gt;</string>
		</dict>
		<key>8702109D1DA6B507008C16D2</key>
		<dict>
			<key>fileRef</key>
			<string>8702109C1DA6B507008C16D2</string>
			<key>isa</key>
			<string>PBXBuildFile</string>
		</dict>
		<key>8702109E1DA6C0D9008C16D2</key>
		<dict>
			<key>fileEncoding</key>
			<string>4</string>
			<key>isa</key>
			<string>PBXFileReference</string>
			<key>lastKnownFileType</key>
			<string>sourcecode.swift</string>
			<key>path</key>
			<string>MainNavBar.swift</string>
			<key>sourceTree</key>
			<string>&lt;group&gt;</string>
		</dict>
		<key>8702109F1DA6C0D9008C16D2</key>
		<dict>
			<key>fileRef</key>
			<string>8702109E1DA6C0D9008C16D2</string>
			<key>isa</key>
			<string>PBXBuildFile</string>
		</dict>
		<key>8734A5001DA4653F006637E1</key>
		<dict>
			<key>children</key>
			<array>
				<string>8734A50B1DA4653F006637E1</string>
				<string>8734A50A1DA4653F006637E1</string>
				<string>8F054B4C535E1861BC1D2786</string>
				<string>4C3939845382F5B064C094F8</string>
			</array>
			<key>isa</key>
			<string>PBXGroup</string>
			<key>sourceTree</key>
			<string>&lt;group&gt;</string>
		</dict>
		<key>8734A5011DA4653F006637E1</key>
		<dict>
			<key>attributes</key>
			<dict>
				<key>LastSwiftUpdateCheck</key>
				<string>0800</string>
				<key>LastUpgradeCheck</key>
				<string>0800</string>
				<key>ORGANIZATIONNAME</key>
				<string>Sahaj Bhatt</string>
				<key>TargetAttributes</key>
				<dict>
					<key>8734A5081DA4653F006637E1</key>
					<dict>
						<key>CreatedOnToolsVersion</key>
						<string>8.0</string>
						<key>DevelopmentTeam</key>
						<string>U9X42PLV7V</string>
						<key>LastSwiftMigration</key>
						<string>0800</string>
						<key>ProvisioningStyle</key>
						<string>Automatic</string>
					</dict>
				</dict>
			</dict>
			<key>buildConfigurationList</key>
			<string>8734A5041DA4653F006637E1</string>
			<key>compatibilityVersion</key>
			<string>Xcode 3.2</string>
			<key>developmentRegion</key>
			<string>English</string>
			<key>hasScannedForEncodings</key>
			<string>0</string>
			<key>isa</key>
			<string>PBXProject</string>
			<key>knownRegions</key>
			<array>
				<string>en</string>
				<string>Base</string>
			</array>
			<key>mainGroup</key>
			<string>8734A5001DA4653F006637E1</string>
			<key>productRefGroup</key>
			<string>8734A50A1DA4653F006637E1</string>
			<key>projectDirPath</key>
			<string></string>
			<key>projectReferences</key>
			<array/>
			<key>projectRoot</key>
			<string></string>
			<key>targets</key>
			<array>
				<string>8734A5081DA4653F006637E1</string>
			</array>
		</dict>
		<key>8734A5041DA4653F006637E1</key>
		<dict>
			<key>buildConfigurations</key>
			<array>
				<string>8734A5191DA4653F006637E1</string>
				<string>8734A51A1DA4653F006637E1</string>
			</array>
			<key>defaultConfigurationIsVisible</key>
			<string>0</string>
			<key>defaultConfigurationName</key>
			<string>Release</string>
			<key>isa</key>
			<string>XCConfigurationList</string>
		</dict>
		<key>8734A5051DA4653F006637E1</key>
		<dict>
			<key>buildActionMask</key>
			<string>2147483647</string>
			<key>files</key>
			<array>
				<string>877021911DA46AA8003F3FC4</string>
				<string>8770219D1DA46AEF003F3FC4</string>
				<string>877021AD1DA46B10003F3FC4</string>
				<string>8770219F1DA46AEF003F3FC4</string>
				<string>877021901DA46AA8003F3FC4</string>
				<string>8770219E1DA46AEF003F3FC4</string>
				<string>877021B41DA46C5B003F3FC4</string>
				<string>8770219B1DA46AEF003F3FC4</string>
				<string>877021A21DA46AEF003F3FC4</string>
				<string>8734A50D1DA4653F006637E1</string>
				<string>877021A11DA46AEF003F3FC4</string>
				<string>8770219C1DA46AEF003F3FC4</string>
				<string>877021AE1DA46B10003F3FC4</string>
				<string>8702109B1DA6B3B2008C16D2</string>
				<string>8702109D1DA6B507008C16D2</string>
				<string>877021AC1DA46B10003F3FC4</string>
				<string>CD9AD2971DA6B75E003C8A10</string>
				<string>877021AA1DA46B10003F3FC4</string>
				<string>877021A01DA46AEF003F3FC4</string>
				<string>877021AB1DA46B10003F3FC4</string>
				<string>875619561DA6B19E00A8701A</string>
				<string>877021B01DA46BE1003F3FC4</string>
				<string>877021A41DA46AFC003F3FC4</string>
				<string>8702109F1DA6C0D9008C16D2</string>
				<string>877021B21DA46C52003F3FC4</string>
			</array>
			<key>isa</key>
			<string>PBXSourcesBuildPhase</string>
			<key>runOnlyForDeploymentPostprocessing</key>
			<string>0</string>
		</dict>
		<key>8734A5061DA4653F006637E1</key>
		<dict>
			<key>buildActionMask</key>
			<string>2147483647</string>
			<key>files</key>
			<array>
				<string>A390881EE561903AFC702B3D</string>
			</array>
			<key>isa</key>
			<string>PBXFrameworksBuildPhase</string>
			<key>runOnlyForDeploymentPostprocessing</key>
			<string>0</string>
		</dict>
		<key>8734A5071DA4653F006637E1</key>
		<dict>
			<key>buildActionMask</key>
			<string>2147483647</string>
			<key>files</key>
			<array>
				<string>8734A5171DA4653F006637E1</string>
				<string>8734A5141DA4653F006637E1</string>
			</array>
			<key>isa</key>
			<string>PBXResourcesBuildPhase</string>
			<key>runOnlyForDeploymentPostprocessing</key>
			<string>0</string>
		</dict>
		<key>8734A5081DA4653F006637E1</key>
		<dict>
			<key>buildConfigurationList</key>
			<string>8734A51B1DA4653F006637E1</string>
			<key>buildPhases</key>
			<array>
				<string>1A287AE1A2C11469DB0A981B</string>
				<string>90965A3E066484BBEBB49E17</string>
				<string>8734A5051DA4653F006637E1</string>
				<string>8734A5061DA4653F006637E1</string>
				<string>8734A5071DA4653F006637E1</string>
				<string>866073B5E2F43FCCDBC04CE4</string>
				<string>35D540CC57AA2652510807D2</string>
				<string>4CB277051E6835B17DF49B2B</string>
				<string>0C60948C6E20842294CF8C09</string>
			</array>
			<key>buildRules</key>
			<array/>
			<key>dependencies</key>
			<array/>
			<key>isa</key>
			<string>PBXNativeTarget</string>
			<key>name</key>
			<string>MealsOnWheels</string>
			<key>productName</key>
			<string>MealsOnWheels</string>
			<key>productReference</key>
			<string>8734A5091DA4653F006637E1</string>
			<key>productType</key>
			<string>com.apple.product-type.application</string>
		</dict>
		<key>8734A5091DA4653F006637E1</key>
		<dict>
			<key>explicitFileType</key>
			<string>wrapper.application</string>
			<key>includeInIndex</key>
			<string>0</string>
			<key>isa</key>
			<string>PBXFileReference</string>
			<key>path</key>
			<string>MealsOnWheels.app</string>
			<key>sourceTree</key>
			<string>BUILT_PRODUCTS_DIR</string>
		</dict>
		<key>8734A50A1DA4653F006637E1</key>
		<dict>
			<key>children</key>
			<array>
				<string>8734A5091DA4653F006637E1</string>
			</array>
			<key>isa</key>
			<string>PBXGroup</string>
			<key>name</key>
			<string>Products</string>
			<key>sourceTree</key>
			<string>&lt;group&gt;</string>
		</dict>
		<key>8734A50B1DA4653F006637E1</key>
		<dict>
			<key>children</key>
			<array>
				<string>8734A51E1DA46790006637E1</string>
				<string>8734A51F1DA467A2006637E1</string>
				<string>8734A5201DA467AB006637E1</string>
				<string>8734A5211DA467B4006637E1</string>
				<string>8734A50C1DA4653F006637E1</string>
				<string>8734A5131DA4653F006637E1</string>
				<string>8734A5151DA4653F006637E1</string>
				<string>8734A5181DA4653F006637E1</string>
			</array>
			<key>isa</key>
			<string>PBXGroup</string>
			<key>path</key>
			<string>MealsOnWheels</string>
			<key>sourceTree</key>
			<string>&lt;group&gt;</string>
		</dict>
		<key>8734A50C1DA4653F006637E1</key>
		<dict>
			<key>isa</key>
			<string>PBXFileReference</string>
			<key>lastKnownFileType</key>
			<string>sourcecode.swift</string>
			<key>path</key>
			<string>AppDelegate.swift</string>
			<key>sourceTree</key>
			<string>&lt;group&gt;</string>
		</dict>
		<key>8734A50D1DA4653F006637E1</key>
		<dict>
			<key>fileRef</key>
			<string>8734A50C1DA4653F006637E1</string>
			<key>isa</key>
			<string>PBXBuildFile</string>
		</dict>
		<key>8734A5131DA4653F006637E1</key>
		<dict>
			<key>isa</key>
			<string>PBXFileReference</string>
			<key>lastKnownFileType</key>
			<string>folder.assetcatalog</string>
			<key>path</key>
			<string>Assets.xcassets</string>
			<key>sourceTree</key>
			<string>&lt;group&gt;</string>
		</dict>
		<key>8734A5141DA4653F006637E1</key>
		<dict>
			<key>fileRef</key>
			<string>8734A5131DA4653F006637E1</string>
			<key>isa</key>
			<string>PBXBuildFile</string>
		</dict>
		<key>8734A5151DA4653F006637E1</key>
		<dict>
			<key>children</key>
			<array>
				<string>8734A5161DA4653F006637E1</string>
			</array>
			<key>isa</key>
			<string>PBXVariantGroup</string>
			<key>name</key>
			<string>LaunchScreen.storyboard</string>
			<key>sourceTree</key>
			<string>&lt;group&gt;</string>
		</dict>
		<key>8734A5161DA4653F006637E1</key>
		<dict>
			<key>isa</key>
			<string>PBXFileReference</string>
			<key>lastKnownFileType</key>
			<string>file.storyboard</string>
			<key>name</key>
			<string>Base</string>
			<key>path</key>
			<string>Base.lproj/LaunchScreen.storyboard</string>
			<key>sourceTree</key>
			<string>&lt;group&gt;</string>
		</dict>
		<key>8734A5171DA4653F006637E1</key>
		<dict>
			<key>fileRef</key>
			<string>8734A5151DA4653F006637E1</string>
			<key>isa</key>
			<string>PBXBuildFile</string>
		</dict>
		<key>8734A5181DA4653F006637E1</key>
		<dict>
			<key>isa</key>
			<string>PBXFileReference</string>
			<key>lastKnownFileType</key>
			<string>text.plist.xml</string>
			<key>path</key>
			<string>Info.plist</string>
			<key>sourceTree</key>
			<string>&lt;group&gt;</string>
		</dict>
		<key>8734A5191DA4653F006637E1</key>
		<dict>
			<key>buildSettings</key>
			<dict>
				<key>ALWAYS_SEARCH_USER_PATHS</key>
				<string>NO</string>
				<key>CLANG_ANALYZER_NONNULL</key>
				<string>YES</string>
				<key>CLANG_CXX_LANGUAGE_STANDARD</key>
				<string>gnu++0x</string>
				<key>CLANG_CXX_LIBRARY</key>
				<string>libc++</string>
				<key>CLANG_ENABLE_MODULES</key>
				<string>YES</string>
				<key>CLANG_ENABLE_OBJC_ARC</key>
				<string>YES</string>
				<key>CLANG_WARN_BOOL_CONVERSION</key>
				<string>YES</string>
				<key>CLANG_WARN_CONSTANT_CONVERSION</key>
				<string>YES</string>
				<key>CLANG_WARN_DIRECT_OBJC_ISA_USAGE</key>
				<string>YES_ERROR</string>
				<key>CLANG_WARN_DOCUMENTATION_COMMENTS</key>
				<string>YES</string>
				<key>CLANG_WARN_EMPTY_BODY</key>
				<string>YES</string>
				<key>CLANG_WARN_ENUM_CONVERSION</key>
				<string>YES</string>
				<key>CLANG_WARN_INFINITE_RECURSION</key>
				<string>YES</string>
				<key>CLANG_WARN_INT_CONVERSION</key>
				<string>YES</string>
				<key>CLANG_WARN_OBJC_ROOT_CLASS</key>
				<string>YES_ERROR</string>
				<key>CLANG_WARN_SUSPICIOUS_MOVES</key>
				<string>YES</string>
				<key>CLANG_WARN_UNREACHABLE_CODE</key>
				<string>YES</string>
				<key>CLANG_WARN__DUPLICATE_METHOD_MATCH</key>
				<string>YES</string>
				<key>CODE_SIGN_IDENTITY[sdk=iphoneos*]</key>
				<string>iPhone Developer</string>
				<key>COPY_PHASE_STRIP</key>
				<string>NO</string>
				<key>DEBUG_INFORMATION_FORMAT</key>
				<string>dwarf</string>
				<key>ENABLE_STRICT_OBJC_MSGSEND</key>
				<string>YES</string>
				<key>ENABLE_TESTABILITY</key>
				<string>YES</string>
				<key>GCC_C_LANGUAGE_STANDARD</key>
				<string>gnu99</string>
				<key>GCC_DYNAMIC_NO_PIC</key>
				<string>NO</string>
				<key>GCC_NO_COMMON_BLOCKS</key>
				<string>YES</string>
				<key>GCC_OPTIMIZATION_LEVEL</key>
				<string>0</string>
				<key>GCC_PREPROCESSOR_DEFINITIONS</key>
				<array>
					<string>DEBUG=1</string>
					<string>$(inherited)</string>
				</array>
				<key>GCC_WARN_64_TO_32_BIT_CONVERSION</key>
				<string>YES</string>
				<key>GCC_WARN_ABOUT_RETURN_TYPE</key>
				<string>YES_ERROR</string>
				<key>GCC_WARN_UNDECLARED_SELECTOR</key>
				<string>YES</string>
				<key>GCC_WARN_UNINITIALIZED_AUTOS</key>
				<string>YES_AGGRESSIVE</string>
				<key>GCC_WARN_UNUSED_FUNCTION</key>
				<string>YES</string>
				<key>GCC_WARN_UNUSED_VARIABLE</key>
				<string>YES</string>
				<key>IPHONEOS_DEPLOYMENT_TARGET</key>
				<string>10.0</string>
				<key>MTL_ENABLE_DEBUG_INFO</key>
				<string>YES</string>
				<key>ONLY_ACTIVE_ARCH</key>
				<string>YES</string>
				<key>SDKROOT</key>
				<string>iphoneos</string>
				<key>SWIFT_ACTIVE_COMPILATION_CONDITIONS</key>
				<string>DEBUG</string>
				<key>SWIFT_OPTIMIZATION_LEVEL</key>
				<string>-Onone</string>
				<key>TARGETED_DEVICE_FAMILY</key>
				<string>1,2</string>
			</dict>
			<key>isa</key>
			<string>XCBuildConfiguration</string>
			<key>name</key>
			<string>Debug</string>
		</dict>
		<key>8734A51A1DA4653F006637E1</key>
		<dict>
			<key>buildSettings</key>
			<dict>
				<key>ALWAYS_SEARCH_USER_PATHS</key>
				<string>NO</string>
				<key>CLANG_ANALYZER_NONNULL</key>
				<string>YES</string>
				<key>CLANG_CXX_LANGUAGE_STANDARD</key>
				<string>gnu++0x</string>
				<key>CLANG_CXX_LIBRARY</key>
				<string>libc++</string>
				<key>CLANG_ENABLE_MODULES</key>
				<string>YES</string>
				<key>CLANG_ENABLE_OBJC_ARC</key>
				<string>YES</string>
				<key>CLANG_WARN_BOOL_CONVERSION</key>
				<string>YES</string>
				<key>CLANG_WARN_CONSTANT_CONVERSION</key>
				<string>YES</string>
				<key>CLANG_WARN_DIRECT_OBJC_ISA_USAGE</key>
				<string>YES_ERROR</string>
				<key>CLANG_WARN_DOCUMENTATION_COMMENTS</key>
				<string>YES</string>
				<key>CLANG_WARN_EMPTY_BODY</key>
				<string>YES</string>
				<key>CLANG_WARN_ENUM_CONVERSION</key>
				<string>YES</string>
				<key>CLANG_WARN_INFINITE_RECURSION</key>
				<string>YES</string>
				<key>CLANG_WARN_INT_CONVERSION</key>
				<string>YES</string>
				<key>CLANG_WARN_OBJC_ROOT_CLASS</key>
				<string>YES_ERROR</string>
				<key>CLANG_WARN_SUSPICIOUS_MOVES</key>
				<string>YES</string>
				<key>CLANG_WARN_UNREACHABLE_CODE</key>
				<string>YES</string>
				<key>CLANG_WARN__DUPLICATE_METHOD_MATCH</key>
				<string>YES</string>
				<key>CODE_SIGN_IDENTITY[sdk=iphoneos*]</key>
				<string>iPhone Developer</string>
				<key>COPY_PHASE_STRIP</key>
				<string>NO</string>
				<key>DEBUG_INFORMATION_FORMAT</key>
				<string>dwarf-with-dsym</string>
				<key>ENABLE_NS_ASSERTIONS</key>
				<string>NO</string>
				<key>ENABLE_STRICT_OBJC_MSGSEND</key>
				<string>YES</string>
				<key>GCC_C_LANGUAGE_STANDARD</key>
				<string>gnu99</string>
				<key>GCC_NO_COMMON_BLOCKS</key>
				<string>YES</string>
				<key>GCC_WARN_64_TO_32_BIT_CONVERSION</key>
				<string>YES</string>
				<key>GCC_WARN_ABOUT_RETURN_TYPE</key>
				<string>YES_ERROR</string>
				<key>GCC_WARN_UNDECLARED_SELECTOR</key>
				<string>YES</string>
				<key>GCC_WARN_UNINITIALIZED_AUTOS</key>
				<string>YES_AGGRESSIVE</string>
				<key>GCC_WARN_UNUSED_FUNCTION</key>
				<string>YES</string>
				<key>GCC_WARN_UNUSED_VARIABLE</key>
				<string>YES</string>
				<key>IPHONEOS_DEPLOYMENT_TARGET</key>
				<string>10.0</string>
				<key>MTL_ENABLE_DEBUG_INFO</key>
				<string>NO</string>
				<key>SDKROOT</key>
				<string>iphoneos</string>
				<key>SWIFT_OPTIMIZATION_LEVEL</key>
				<string>-Owholemodule</string>
				<key>TARGETED_DEVICE_FAMILY</key>
				<string>1,2</string>
				<key>VALIDATE_PRODUCT</key>
				<string>YES</string>
			</dict>
			<key>isa</key>
			<string>XCBuildConfiguration</string>
			<key>name</key>
			<string>Release</string>
		</dict>
		<key>8734A51B1DA4653F006637E1</key>
		<dict>
			<key>buildConfigurations</key>
			<array>
				<string>8734A51C1DA4653F006637E1</string>
				<string>8734A51D1DA4653F006637E1</string>
			</array>
			<key>defaultConfigurationIsVisible</key>
			<string>0</string>
			<key>defaultConfigurationName</key>
			<string>Release</string>
			<key>isa</key>
			<string>XCConfigurationList</string>
		</dict>
		<key>8734A51C1DA4653F006637E1</key>
		<dict>
			<key>baseConfigurationReference</key>
			<string>4DC65213847D4718E78A6825</string>
			<key>buildSettings</key>
			<dict>
				<key>ASSETCATALOG_COMPILER_APPICON_NAME</key>
				<string>AppIcon</string>
				<key>DEVELOPMENT_TEAM</key>
				<string>U9X42PLV7V</string>
				<key>INFOPLIST_FILE</key>
				<string>MealsOnWheels/Info.plist</string>
				<key>LD_RUNPATH_SEARCH_PATHS</key>
				<string>$(inherited) @executable_path/Frameworks</string>
				<key>PRODUCT_BUNDLE_IDENTIFIER</key>
				<string>com.sahajbhatt.MealsOnWheels</string>
				<key>PRODUCT_NAME</key>
				<string>$(TARGET_NAME)</string>
				<key>SWIFT_VERSION</key>
				<string>3.0</string>
			</dict>
			<key>isa</key>
			<string>XCBuildConfiguration</string>
			<key>name</key>
			<string>Debug</string>
		</dict>
		<key>8734A51D1DA4653F006637E1</key>
		<dict>
			<key>baseConfigurationReference</key>
			<string>FBA3529086D9763193E317C0</string>
			<key>buildSettings</key>
			<dict>
				<key>ASSETCATALOG_COMPILER_APPICON_NAME</key>
				<string>AppIcon</string>
				<key>DEVELOPMENT_TEAM</key>
				<string>U9X42PLV7V</string>
				<key>INFOPLIST_FILE</key>
				<string>MealsOnWheels/Info.plist</string>
				<key>LD_RUNPATH_SEARCH_PATHS</key>
				<string>$(inherited) @executable_path/Frameworks</string>
				<key>PRODUCT_BUNDLE_IDENTIFIER</key>
				<string>com.sahajbhatt.MealsOnWheels</string>
				<key>PRODUCT_NAME</key>
				<string>$(TARGET_NAME)</string>
				<key>SWIFT_VERSION</key>
				<string>3.0</string>
			</dict>
			<key>isa</key>
			<string>XCBuildConfiguration</string>
			<key>name</key>
			<string>Release</string>
		</dict>
		<key>8734A51E1DA46790006637E1</key>
		<dict>
			<key>children</key>
			<array>
				<string>877021A51DA46B10003F3FC4</string>
				<string>877021A61DA46B10003F3FC4</string>
				<string>877021A71DA46B10003F3FC4</string>
				<string>877021A81DA46B10003F3FC4</string>
				<string>877021A91DA46B10003F3FC4</string>
			</array>
			<key>isa</key>
			<string>PBXGroup</string>
			<key>name</key>
			<string>Constants+Extensions</string>
			<key>sourceTree</key>
			<string>&lt;group&gt;</string>
		</dict>
		<key>8734A51F1DA467A2006637E1</key>
		<dict>
			<key>children</key>
			<array>
				<string>877021B11DA46C52003F3FC4</string>
				<string>875619551DA6B19E00A8701A</string>
				<string>8702109A1DA6B3B2008C16D2</string>
				<string>8702109C1DA6B507008C16D2</string>
			</array>
			<key>isa</key>
			<string>PBXGroup</string>
			<key>name</key>
			<string>Model</string>
			<key>sourceTree</key>
			<string>&lt;group&gt;</string>
		</dict>
		<key>8734A5201DA467AB006637E1</key>
		<dict>
			<key>children</key>
			<array>
				<string>8702109E1DA6C0D9008C16D2</string>
				<string>877021941DA46AEF003F3FC4</string>
				<string>877021951DA46AEF003F3FC4</string>
				<string>877021B31DA46C5B003F3FC4</string>
				<string>877021931DA46AEF003F3FC4</string>
				<string>877021961DA46AEF003F3FC4</string>
				<string>877021971DA46AEF003F3FC4</string>
				<string>877021981DA46AEF003F3FC4</string>
				<string>877021991DA46AEF003F3FC4</string>
				<string>8770219A1DA46AEF003F3FC4</string>
				<string>CD9AD2961DA6B75E003C8A10</string>
			</array>
			<key>isa</key>
			<string>PBXGroup</string>
			<key>name</key>
			<string>View</string>
			<key>sourceTree</key>
			<string>&lt;group&gt;</string>
		</dict>
		<key>8734A5211DA467B4006637E1</key>
		<dict>
			<key>children</key>
			<array>
				<string>877021A31DA46AFC003F3FC4</string>
				<string>8770218D1DA46AA8003F3FC4</string>
				<string>8770218E1DA46AA8003F3FC4</string>
				<string>877021AF1DA46BE1003F3FC4</string>
			</array>
			<key>isa</key>
			<string>PBXGroup</string>
			<key>name</key>
			<string>Controller</string>
			<key>sourceTree</key>
			<string>&lt;group&gt;</string>
		</dict>
		<key>875619551DA6B19E00A8701A</key>
		<dict>
			<key>fileEncoding</key>
			<string>4</string>
			<key>isa</key>
			<string>PBXFileReference</string>
			<key>lastKnownFileType</key>
			<string>sourcecode.swift</string>
			<key>path</key>
			<string>Waypoint.swift</string>
			<key>sourceTree</key>
			<string>&lt;group&gt;</string>
		</dict>
		<key>875619561DA6B19E00A8701A</key>
		<dict>
			<key>fileRef</key>
			<string>875619551DA6B19E00A8701A</string>
			<key>isa</key>
			<string>PBXBuildFile</string>
		</dict>
		<key>8770218D1DA46AA8003F3FC4</key>
		<dict>
			<key>fileEncoding</key>
			<string>4</string>
			<key>isa</key>
			<string>PBXFileReference</string>
			<key>lastKnownFileType</key>
			<string>sourcecode.swift</string>
			<key>path</key>
			<string>LoginConroller.swift</string>
			<key>sourceTree</key>
			<string>&lt;group&gt;</string>
		</dict>
		<key>8770218E1DA46AA8003F3FC4</key>
		<dict>
			<key>fileEncoding</key>
			<string>4</string>
			<key>isa</key>
			<string>PBXFileReference</string>
			<key>lastKnownFileType</key>
			<string>sourcecode.swift</string>
			<key>path</key>
			<string>MainViewController.swift</string>
			<key>sourceTree</key>
			<string>&lt;group&gt;</string>
		</dict>
		<key>877021901DA46AA8003F3FC4</key>
		<dict>
			<key>fileRef</key>
			<string>8770218D1DA46AA8003F3FC4</string>
			<key>isa</key>
			<string>PBXBuildFile</string>
		</dict>
		<key>877021911DA46AA8003F3FC4</key>
		<dict>
			<key>fileRef</key>
			<string>8770218E1DA46AA8003F3FC4</string>
			<key>isa</key>
			<string>PBXBuildFile</string>
		</dict>
		<key>877021931DA46AEF003F3FC4</key>
		<dict>
			<key>fileEncoding</key>
			<string>4</string>
			<key>isa</key>
			<string>PBXFileReference</string>
			<key>lastKnownFileType</key>
			<string>sourcecode.swift</string>
			<key>path</key>
			<string>LoginView.swift</string>
			<key>sourceTree</key>
			<string>&lt;group&gt;</string>
		</dict>
		<key>877021941DA46AEF003F3FC4</key>
		<dict>
			<key>fileEncoding</key>
			<string>4</string>
			<key>isa</key>
			<string>PBXFileReference</string>
			<key>lastKnownFileType</key>
			<string>sourcecode.swift</string>
			<key>path</key>
			<string>MainTabView.swift</string>
			<key>sourceTree</key>
			<string>&lt;group&gt;</string>
		</dict>
		<key>877021951DA46AEF003F3FC4</key>
		<dict>
			<key>fileEncoding</key>
			<string>4</string>
			<key>isa</key>
			<string>PBXFileReference</string>
			<key>lastKnownFileType</key>
			<string>sourcecode.swift</string>
			<key>path</key>
			<string>MainView.swift</string>
			<key>sourceTree</key>
			<string>&lt;group&gt;</string>
		</dict>
		<key>877021961DA46AEF003F3FC4</key>
		<dict>
			<key>fileEncoding</key>
			<string>4</string>
			<key>isa</key>
			<string>PBXFileReference</string>
			<key>lastKnownFileType</key>
			<string>sourcecode.swift</string>
			<key>path</key>
			<string>RegistrationEmailView.swift</string>
			<key>sourceTree</key>
			<string>&lt;group&gt;</string>
		</dict>
		<key>877021971DA46AEF003F3FC4</key>
		<dict>
			<key>fileEncoding</key>
			<string>4</string>
			<key>isa</key>
			<string>PBXFileReference</string>
			<key>lastKnownFileType</key>
			<string>sourcecode.swift</string>
			<key>path</key>
			<string>RegistrationProfileView.swift</string>
			<key>sourceTree</key>
			<string>&lt;group&gt;</string>
		</dict>
		<key>877021981DA46AEF003F3FC4</key>
		<dict>
			<key>fileEncoding</key>
			<string>4</string>
			<key>isa</key>
			<string>PBXFileReference</string>
			<key>lastKnownFileType</key>
			<string>sourcecode.swift</string>
			<key>path</key>
			<string>RegistrationView.swift</string>
			<key>sourceTree</key>
			<string>&lt;group&gt;</string>
		</dict>
		<key>877021991DA46AEF003F3FC4</key>
		<dict>
			<key>fileEncoding</key>
			<string>4</string>
			<key>isa</key>
			<string>PBXFileReference</string>
			<key>lastKnownFileType</key>
			<string>sourcecode.swift</string>
			<key>path</key>
			<string>TitleView.swift</string>
			<key>sourceTree</key>
			<string>&lt;group&gt;</string>
		</dict>
		<key>8770219A1DA46AEF003F3FC4</key>
		<dict>
			<key>fileEncoding</key>
			<string>4</string>
			<key>isa</key>
			<string>PBXFileReference</string>
			<key>lastKnownFileType</key>
			<string>sourcecode.swift</string>
			<key>path</key>
			<string>TitleViewButtonHub.swift</string>
			<key>sourceTree</key>
			<string>&lt;group&gt;</string>
		</dict>
		<key>8770219B1DA46AEF003F3FC4</key>
		<dict>
			<key>fileRef</key>
			<string>877021931DA46AEF003F3FC4</string>
			<key>isa</key>
			<string>PBXBuildFile</string>
		</dict>
		<key>8770219C1DA46AEF003F3FC4</key>
		<dict>
			<key>fileRef</key>
			<string>877021941DA46AEF003F3FC4</string>
			<key>isa</key>
			<string>PBXBuildFile</string>
		</dict>
		<key>8770219D1DA46AEF003F3FC4</key>
		<dict>
			<key>fileRef</key>
			<string>877021951DA46AEF003F3FC4</string>
			<key>isa</key>
			<string>PBXBuildFile</string>
		</dict>
		<key>8770219E1DA46AEF003F3FC4</key>
		<dict>
			<key>fileRef</key>
			<string>877021961DA46AEF003F3FC4</string>
			<key>isa</key>
			<string>PBXBuildFile</string>
		</dict>
		<key>8770219F1DA46AEF003F3FC4</key>
		<dict>
			<key>fileRef</key>
			<string>877021971DA46AEF003F3FC4</string>
			<key>isa</key>
			<string>PBXBuildFile</string>
		</dict>
		<key>877021A01DA46AEF003F3FC4</key>
		<dict>
			<key>fileRef</key>
			<string>877021981DA46AEF003F3FC4</string>
			<key>isa</key>
			<string>PBXBuildFile</string>
		</dict>
		<key>877021A11DA46AEF003F3FC4</key>
		<dict>
			<key>fileRef</key>
			<string>877021991DA46AEF003F3FC4</string>
			<key>isa</key>
			<string>PBXBuildFile</string>
		</dict>
		<key>877021A21DA46AEF003F3FC4</key>
		<dict>
			<key>fileRef</key>
			<string>8770219A1DA46AEF003F3FC4</string>
			<key>isa</key>
			<string>PBXBuildFile</string>
		</dict>
		<key>877021A31DA46AFC003F3FC4</key>
		<dict>
			<key>fileEncoding</key>
			<string>4</string>
			<key>isa</key>
			<string>PBXFileReference</string>
			<key>lastKnownFileType</key>
			<string>sourcecode.swift</string>
			<key>path</key>
			<string>TitleViewController.swift</string>
			<key>sourceTree</key>
			<string>&lt;group&gt;</string>
		</dict>
		<key>877021A41DA46AFC003F3FC4</key>
		<dict>
			<key>fileRef</key>
			<string>877021A31DA46AFC003F3FC4</string>
			<key>isa</key>
			<string>PBXBuildFile</string>
		</dict>
		<key>877021A51DA46B10003F3FC4</key>
		<dict>
			<key>fileEncoding</key>
			<string>4</string>
			<key>isa</key>
			<string>PBXFileReference</string>
			<key>lastKnownFileType</key>
			<string>sourcecode.swift</string>
			<key>path</key>
			<string>MWConstants.swift</string>
			<key>sourceTree</key>
			<string>&lt;group&gt;</string>
		</dict>
		<key>877021A61DA46B10003F3FC4</key>
		<dict>
			<key>fileEncoding</key>
			<string>4</string>
			<key>isa</key>
			<string>PBXFileReference</string>
			<key>lastKnownFileType</key>
			<string>sourcecode.swift</string>
			<key>path</key>
			<string>NSLayoutConstraint+Extensions.swift</string>
			<key>sourceTree</key>
			<string>&lt;group&gt;</string>
		</dict>
		<key>877021A71DA46B10003F3FC4</key>
		<dict>
			<key>fileEncoding</key>
			<string>4</string>
			<key>isa</key>
			<string>PBXFileReference</string>
			<key>lastKnownFileType</key>
			<string>sourcecode.swift</string>
			<key>path</key>
			<string>UIColor+Extensions.swift</string>
			<key>sourceTree</key>
			<string>&lt;group&gt;</string>
		</dict>
		<key>877021A81DA46B10003F3FC4</key>
		<dict>
			<key>fileEncoding</key>
			<string>4</string>
			<key>isa</key>
			<string>PBXFileReference</string>
			<key>lastKnownFileType</key>
			<string>sourcecode.swift</string>
			<key>path</key>
			<string>UILabel+Extensions.swift</string>
			<key>sourceTree</key>
			<string>&lt;group&gt;</string>
		</dict>
		<key>877021A91DA46B10003F3FC4</key>
		<dict>
			<key>fileEncoding</key>
			<string>4</string>
			<key>isa</key>
			<string>PBXFileReference</string>
			<key>lastKnownFileType</key>
			<string>sourcecode.swift</string>
			<key>path</key>
			<string>UIView+Extensions.swift</string>
			<key>sourceTree</key>
			<string>&lt;group&gt;</string>
		</dict>
		<key>877021AA1DA46B10003F3FC4</key>
		<dict>
			<key>fileRef</key>
			<string>877021A51DA46B10003F3FC4</string>
			<key>isa</key>
			<string>PBXBuildFile</string>
		</dict>
		<key>877021AB1DA46B10003F3FC4</key>
		<dict>
			<key>fileRef</key>
			<string>877021A61DA46B10003F3FC4</string>
			<key>isa</key>
			<string>PBXBuildFile</string>
		</dict>
		<key>877021AC1DA46B10003F3FC4</key>
		<dict>
			<key>fileRef</key>
			<string>877021A71DA46B10003F3FC4</string>
			<key>isa</key>
			<string>PBXBuildFile</string>
		</dict>
		<key>877021AD1DA46B10003F3FC4</key>
		<dict>
			<key>fileRef</key>
			<string>877021A81DA46B10003F3FC4</string>
			<key>isa</key>
			<string>PBXBuildFile</string>
		</dict>
		<key>877021AE1DA46B10003F3FC4</key>
		<dict>
			<key>fileRef</key>
			<string>877021A91DA46B10003F3FC4</string>
			<key>isa</key>
			<string>PBXBuildFile</string>
		</dict>
		<key>877021AF1DA46BE1003F3FC4</key>
		<dict>
			<key>fileEncoding</key>
			<string>4</string>
			<key>isa</key>
			<string>PBXFileReference</string>
			<key>lastKnownFileType</key>
			<string>sourcecode.swift</string>
			<key>path</key>
			<string>RegistrationEmailController.swift</string>
			<key>sourceTree</key>
			<string>&lt;group&gt;</string>
		</dict>
		<key>877021B01DA46BE1003F3FC4</key>
		<dict>
			<key>fileRef</key>
			<string>877021AF1DA46BE1003F3FC4</string>
			<key>isa</key>
			<string>PBXBuildFile</string>
		</dict>
		<key>877021B11DA46C52003F3FC4</key>
		<dict>
			<key>fileEncoding</key>
			<string>4</string>
			<key>isa</key>
			<string>PBXFileReference</string>
			<key>lastKnownFileType</key>
			<string>sourcecode.swift</string>
			<key>path</key>
			<string>User.swift</string>
			<key>sourceTree</key>
			<string>&lt;group&gt;</string>
		</dict>
		<key>877021B21DA46C52003F3FC4</key>
		<dict>
			<key>fileRef</key>
			<string>877021B11DA46C52003F3FC4</string>
			<key>isa</key>
			<string>PBXBuildFile</string>
		</dict>
		<key>877021B31DA46C5B003F3FC4</key>
		<dict>
			<key>fileEncoding</key>
			<string>4</string>
			<key>isa</key>
			<string>PBXFileReference</string>
			<key>lastKnownFileType</key>
			<string>sourcecode.swift</string>
			<key>path</key>
			<string>CurrentRouteView.swift</string>
			<key>sourceTree</key>
			<string>&lt;group&gt;</string>
		</dict>
		<key>877021B41DA46C5B003F3FC4</key>
		<dict>
			<key>fileRef</key>
			<string>877021B31DA46C5B003F3FC4</string>
			<key>isa</key>
			<string>PBXBuildFile</string>
		</dict>
		<key>8F054B4C535E1861BC1D2786</key>
		<dict>
			<key>children</key>
			<array>
				<string>4DC65213847D4718E78A6825</string>
				<string>FBA3529086D9763193E317C0</string>
			</array>
			<key>isa</key>
			<string>PBXGroup</string>
			<key>name</key>
			<string>Pods</string>
			<key>sourceTree</key>
			<string>&lt;group&gt;</string>
		</dict>
		<key>90965A3E066484BBEBB49E17</key>
		<dict>
			<key>buildActionMask</key>
			<string>2147483647</string>
			<key>files</key>
			<array/>
			<key>inputPaths</key>
			<array/>
			<key>isa</key>
			<string>PBXShellScriptBuildPhase</string>
			<key>name</key>
			<string>[CP] Check Pods Manifest.lock</string>
			<key>outputPaths</key>
			<array/>
			<key>runOnlyForDeploymentPostprocessing</key>
			<string>0</string>
			<key>shellPath</key>
			<string>/bin/sh</string>
			<key>shellScript</key>
			<string>diff "${PODS_ROOT}/../Podfile.lock" "${PODS_ROOT}/Manifest.lock" &gt; /dev/null
if [[ $? != 0 ]] ; then
    cat &lt;&lt; EOM
error: The sandbox is not in sync with the Podfile.lock. Run 'pod install' or update your CocoaPods installation.
EOM
    exit 1
fi
</string>
			<key>showEnvVarsInLog</key>
			<string>0</string>
		</dict>
		<key>A390881EE561903AFC702B3D</key>
		<dict>
			<key>fileRef</key>
			<string>5C9119DF85FF584DF6CA7E69</string>
			<key>isa</key>
			<string>PBXBuildFile</string>
		</dict>
		<key>CD9AD2961DA6B75E003C8A10</key>
		<dict>
			<key>fileEncoding</key>
			<string>4</string>
			<key>isa</key>
			<string>PBXFileReference</string>
			<key>lastKnownFileType</key>
			<string>sourcecode.swift</string>
			<key>path</key>
			<string>MyRoutesView.swift</string>
			<key>sourceTree</key>
			<string>&lt;group&gt;</string>
		</dict>
		<key>CD9AD2971DA6B75E003C8A10</key>
		<dict>
			<key>fileRef</key>
			<string>CD9AD2961DA6B75E003C8A10</string>
			<key>isa</key>
			<string>PBXBuildFile</string>
		</dict>
		<key>FBA3529086D9763193E317C0</key>
		<dict>
			<key>includeInIndex</key>
			<string>1</string>
			<key>isa</key>
			<string>PBXFileReference</string>
			<key>lastKnownFileType</key>
			<string>text.xcconfig</string>
			<key>name</key>
			<string>Pods-MealsOnWheels.release.xcconfig</string>
			<key>path</key>
			<string>Pods/Target Support Files/Pods-MealsOnWheels/Pods-MealsOnWheels.release.xcconfig</string>
			<key>sourceTree</key>
			<string>&lt;group&gt;</string>
		</dict>
	</dict>
	<key>rootObject</key>
	<string>8734A5011DA4653F006637E1</string>
</dict>
</plist>
